
Microsoft Visual Studio Solution File, Format Version 12.00
# Visual Studio Version 16
VisualStudioVersion = 16.0.30114.105
MinimumVisualStudioVersion = 10.0.40219.1
Project("{8BC9CEB8-8B4A-11D0-8D11-00A0C91BC942}") = "Problema5", "Problema5\Problema5.vcxproj", "{9E605E14-5693-4D13-81D9-14DBB9F0F99F}"
EndProject
Global
	GlobalSection(SolutionConfigurationPlatforms) = preSolution
		Debug|x64 = Debug|x64
		Debug|x86 = Debug|x86
		Release|x64 = Release|x64
		Release|x86 = Release|x86
	EndGlobalSection
	GlobalSection(ProjectConfigurationPlatforms) = postSolution
		{9E605E14-5693-4D13-81D9-14DBB9F0F99F}.Debug|x64.ActiveCfg = Debug|x64
		{9E605E14-5693-4D13-81D9-14DBB9F0F99F}.Debug|x64.Build.0 = Debug|x64
		{9E605E14-5693-4D13-81D9-14DBB9F0F99F}.Debug|x86.ActiveCfg = Debug|Win32
		{9E605E14-5693-4D13-81D9-14DBB9F0F99F}.Debug|x86.Build.0 = Debug|Win32
		{9E605E14-5693-4D13-81D9-14DBB9F0F99F}.Release|x64.ActiveCfg = Release|x64
		{9E605E14-5693-4D13-81D9-14DBB9F0F99F}.Release|x64.Build.0 = Release|x64
		{9E605E14-5693-4D13-81D9-14DBB9F0F99F}.Release|x86.ActiveCfg = Release|Win32
		{9E605E14-5693-4D13-81D9-14DBB9F0F99F}.Release|x86.Build.0 = Release|Win32
	EndGlobalSection
	GlobalSection(SolutionProperties) = preSolution
		HideSolutionNode = FALSE
	EndGlobalSection
	GlobalSection(ExtensibilityGlobals) = postSolution
		SolutionGuid = {72321206-061F-4800-B11B-EFCB4BCB6CBD}
	EndGlobalSection
EndGlobal
